// !$*UTF8*$!
{
	archiveVersion = 1;
	classes = {
	};
	objectVersion = 55;
	objects = {

/* Begin PBXBuildFile section */
		7A5EE1972762F8B5006F63A8 /* InsertData.swift in Sources */ = {isa = PBXBuildFile; fileRef = 7A5EE1962762F8B5006F63A8 /* InsertData.swift */; };
		7A88FE4327619247006C6108 /* Transactions.swift in Sources */ = {isa = PBXBuildFile; fileRef = 7A88FE4227619247006C6108 /* Transactions.swift */; };
		7A88FE4627619925006C6108 /* SQLite in Frameworks */ = {isa = PBXBuildFile; productRef = 7A88FE4527619925006C6108 /* SQLite */; };
		7A88FE4827619955006C6108 /* DataStore.swift in Sources */ = {isa = PBXBuildFile; fileRef = 7A88FE4727619955006C6108 /* DataStore.swift */; };
		7AB0EA4F27640B650052C84D /* HomeScreen.swift in Sources */ = {isa = PBXBuildFile; fileRef = 7AB0EA4E27640B650052C84D /* HomeScreen.swift */; };
		7AD71C52276045EF003469BF /* AppDelegate.swift in Sources */ = {isa = PBXBuildFile; fileRef = 7AD71C51276045EF003469BF /* AppDelegate.swift */; };
		7AD71C54276045EF003469BF /* SceneDelegate.swift in Sources */ = {isa = PBXBuildFile; fileRef = 7AD71C53276045EF003469BF /* SceneDelegate.swift */; };
		7AD71C56276045EF003469BF /* ViewController.swift in Sources */ = {isa = PBXBuildFile; fileRef = 7AD71C55276045EF003469BF /* ViewController.swift */; };
		7AD71C59276045EF003469BF /* Main.storyboard in Resources */ = {isa = PBXBuildFile; fileRef = 7AD71C57276045EF003469BF /* Main.storyboard */; };
		7AD71C5B276045F0003469BF /* Assets.xcassets in Resources */ = {isa = PBXBuildFile; fileRef = 7AD71C5A276045F0003469BF /* Assets.xcassets */; };
		7AD71C5E276045F0003469BF /* LaunchScreen.storyboard in Resources */ = {isa = PBXBuildFile; fileRef = 7AD71C5C276045F0003469BF /* LaunchScreen.storyboard */; };
		7AD71C69276045F0003469BF /* NBATransactionAppTests.swift in Sources */ = {isa = PBXBuildFile; fileRef = 7AD71C68276045F0003469BF /* NBATransactionAppTests.swift */; };
		7AD71C73276045F0003469BF /* NBATransactionAppUITests.swift in Sources */ = {isa = PBXBuildFile; fileRef = 7AD71C72276045F0003469BF /* NBATransactionAppUITests.swift */; };
		7AD71C75276045F0003469BF /* NBATransactionAppUITestsLaunchTests.swift in Sources */ = {isa = PBXBuildFile; fileRef = 7AD71C74276045F0003469BF /* NBATransactionAppUITestsLaunchTests.swift */; };
/* End PBXBuildFile section */

/* Begin PBXContainerItemProxy section */
		7AD71C65276045F0003469BF /* PBXContainerItemProxy */ = {
			isa = PBXContainerItemProxy;
			containerPortal = 7AD71C46276045EF003469BF /* Project object */;
			proxyType = 1;
			remoteGlobalIDString = 7AD71C4D276045EF003469BF;
			remoteInfo = NBATransactionApp;
		};
		7AD71C6F276045F0003469BF /* PBXContainerItemProxy */ = {
			isa = PBXContainerItemProxy;
			containerPortal = 7AD71C46276045EF003469BF /* Project object */;
			proxyType = 1;
			remoteGlobalIDString = 7AD71C4D276045EF003469BF;
			remoteInfo = NBATransactionApp;
		};
/* End PBXContainerItemProxy section */

/* Begin PBXFileReference section */
		7A5EE1962762F8B5006F63A8 /* InsertData.swift */ = {isa = PBXFileReference; lastKnownFileType = sourcecode.swift; path = InsertData.swift; sourceTree = "<group>"; };
		7A88FE4227619247006C6108 /* Transactions.swift */ = {isa = PBXFileReference; lastKnownFileType = sourcecode.swift; path = Transactions.swift; sourceTree = "<group>"; };
		7A88FE4727619955006C6108 /* DataStore.swift */ = {isa = PBXFileReference; lastKnownFileType = sourcecode.swift; path = DataStore.swift; sourceTree = "<group>"; };
		7AB0EA4E27640B650052C84D /* HomeScreen.swift */ = {isa = PBXFileReference; lastKnownFileType = sourcecode.swift; path = HomeScreen.swift; sourceTree = "<group>"; };
		7AD71C4E276045EF003469BF /* NBATransactionApp.app */ = {isa = PBXFileReference; explicitFileType = wrapper.application; includeInIndex = 0; path = NBATransactionApp.app; sourceTree = BUILT_PRODUCTS_DIR; };
		7AD71C51276045EF003469BF /* AppDelegate.swift */ = {isa = PBXFileReference; lastKnownFileType = sourcecode.swift; path = AppDelegate.swift; sourceTree = "<group>"; };
		7AD71C53276045EF003469BF /* SceneDelegate.swift */ = {isa = PBXFileReference; lastKnownFileType = sourcecode.swift; path = SceneDelegate.swift; sourceTree = "<group>"; };
		7AD71C55276045EF003469BF /* ViewController.swift */ = {isa = PBXFileReference; lastKnownFileType = sourcecode.swift; path = ViewController.swift; sourceTree = "<group>"; };
		7AD71C58276045EF003469BF /* Base */ = {isa = PBXFileReference; lastKnownFileType = file.storyboard; name = Base; path = Base.lproj/Main.storyboard; sourceTree = "<group>"; };
		7AD71C5A276045F0003469BF /* Assets.xcassets */ = {isa = PBXFileReference; lastKnownFileType = folder.assetcatalog; path = Assets.xcassets; sourceTree = "<group>"; };
		7AD71C5D276045F0003469BF /* Base */ = {isa = PBXFileReference; lastKnownFileType = file.storyboard; name = Base; path = Base.lproj/LaunchScreen.storyboard; sourceTree = "<group>"; };
		7AD71C5F276045F0003469BF /* Info.plist */ = {isa = PBXFileReference; lastKnownFileType = text.plist.xml; path = Info.plist; sourceTree = "<group>"; };
		7AD71C64276045F0003469BF /* NBATransactionAppTests.xctest */ = {isa = PBXFileReference; explicitFileType = wrapper.cfbundle; includeInIndex = 0; path = NBATransactionAppTests.xctest; sourceTree = BUILT_PRODUCTS_DIR; };
		7AD71C68276045F0003469BF /* NBATransactionAppTests.swift */ = {isa = PBXFileReference; lastKnownFileType = sourcecode.swift; path = NBATransactionAppTests.swift; sourceTree = "<group>"; };
		7AD71C6E276045F0003469BF /* NBATransactionAppUITests.xctest */ = {isa = PBXFileReference; explicitFileType = wrapper.cfbundle; includeInIndex = 0; path = NBATransactionAppUITests.xctest; sourceTree = BUILT_PRODUCTS_DIR; };
		7AD71C72276045F0003469BF /* NBATransactionAppUITests.swift */ = {isa = PBXFileReference; lastKnownFileType = sourcecode.swift; path = NBATransactionAppUITests.swift; sourceTree = "<group>"; };
		7AD71C74276045F0003469BF /* NBATransactionAppUITestsLaunchTests.swift */ = {isa = PBXFileReference; lastKnownFileType = sourcecode.swift; path = NBATransactionAppUITestsLaunchTests.swift; sourceTree = "<group>"; };
/* End PBXFileReference section */

/* Begin PBXFrameworksBuildPhase section */
		7AD71C4B276045EF003469BF /* Frameworks */ = {
			isa = PBXFrameworksBuildPhase;
			buildActionMask = 2147483647;
			files = (
				7A88FE4627619925006C6108 /* SQLite in Frameworks */,
			);
			runOnlyForDeploymentPostprocessing = 0;
		};
		7AD71C61276045F0003469BF /* Frameworks */ = {
			isa = PBXFrameworksBuildPhase;
			buildActionMask = 2147483647;
			files = (
			);
			runOnlyForDeploymentPostprocessing = 0;
		};
		7AD71C6B276045F0003469BF /* Frameworks */ = {
			isa = PBXFrameworksBuildPhase;
			buildActionMask = 2147483647;
			files = (
			);
			runOnlyForDeploymentPostprocessing = 0;
		};
/* End PBXFrameworksBuildPhase section */

/* Begin PBXGroup section */
		7AD71C45276045EF003469BF = {
			isa = PBXGroup;
			children = (
				7AD71C50276045EF003469BF /* NBATransactionApp */,
				7AD71C67276045F0003469BF /* NBATransactionAppTests */,
				7AD71C71276045F0003469BF /* NBATransactionAppUITests */,
				7AD71C4F276045EF003469BF /* Products */,
			);
			sourceTree = "<group>";
		};
		7AD71C4F276045EF003469BF /* Products */ = {
			isa = PBXGroup;
			children = (
				7AD71C4E276045EF003469BF /* NBATransactionApp.app */,
				7AD71C64276045F0003469BF /* NBATransactionAppTests.xctest */,
				7AD71C6E276045F0003469BF /* NBATransactionAppUITests.xctest */,
			);
			name = Products;
			sourceTree = "<group>";
		};
		7AD71C50276045EF003469BF /* NBATransactionApp */ = {
			isa = PBXGroup;
			children = (
				7AD71C51276045EF003469BF /* AppDelegate.swift */,
				7AD71C53276045EF003469BF /* SceneDelegate.swift */,
				7AD71C55276045EF003469BF /* ViewController.swift */,
				7AB0EA4E27640B650052C84D /* HomeScreen.swift */,
				7AD71C57276045EF003469BF /* Main.storyboard */,
				7AD71C5A276045F0003469BF /* Assets.xcassets */,
				7AD71C5C276045F0003469BF /* LaunchScreen.storyboard */,
				7AD71C5F276045F0003469BF /* Info.plist */,
				7A88FE4227619247006C6108 /* Transactions.swift */,
				7A88FE4727619955006C6108 /* DataStore.swift */,
				7A5EE1962762F8B5006F63A8 /* InsertData.swift */,
			);
			path = NBATransactionApp;
			sourceTree = "<group>";
		};
		7AD71C67276045F0003469BF /* NBATransactionAppTests */ = {
			isa = PBXGroup;
			children = (
				7AD71C68276045F0003469BF /* NBATransactionAppTests.swift */,
			);
			path = NBATransactionAppTests;
			sourceTree = "<group>";
		};
		7AD71C71276045F0003469BF /* NBATransactionAppUITests */ = {
			isa = PBXGroup;
			children = (
				7AD71C72276045F0003469BF /* NBATransactionAppUITests.swift */,
				7AD71C74276045F0003469BF /* NBATransactionAppUITestsLaunchTests.swift */,
			);
			path = NBATransactionAppUITests;
			sourceTree = "<group>";
		};
/* End PBXGroup section */

/* Begin PBXNativeTarget section */
		7AD71C4D276045EF003469BF /* NBATransactionApp */ = {
			isa = PBXNativeTarget;
			buildConfigurationList = 7AD71C78276045F0003469BF /* Build configuration list for PBXNativeTarget "NBATransactionApp" */;
			buildPhases = (
				7AD71C4A276045EF003469BF /* Sources */,
				7AD71C4B276045EF003469BF /* Frameworks */,
				7AD71C4C276045EF003469BF /* Resources */,
			);
			buildRules = (
			);
			dependencies = (
			);
			name = NBATransactionApp;
			packageProductDependencies = (
				7A88FE4527619925006C6108 /* SQLite */,
			);
			productName = NBATransactionApp;
			productReference = 7AD71C4E276045EF003469BF /* NBATransactionApp.app */;
			productType = "com.apple.product-type.application";
		};
		7AD71C63276045F0003469BF /* NBATransactionAppTests */ = {
			isa = PBXNativeTarget;
			buildConfigurationList = 7AD71C7B276045F0003469BF /* Build configuration list for PBXNativeTarget "NBATransactionAppTests" */;
			buildPhases = (
				7AD71C60276045F0003469BF /* Sources */,
				7AD71C61276045F0003469BF /* Frameworks */,
				7AD71C62276045F0003469BF /* Resources */,
			);
			buildRules = (
			);
			dependencies = (
				7AD71C66276045F0003469BF /* PBXTargetDependency */,
			);
			name = NBATransactionAppTests;
			productName = NBATransactionAppTests;
			productReference = 7AD71C64276045F0003469BF /* NBATransactionAppTests.xctest */;
			productType = "com.apple.product-type.bundle.unit-test";
		};
		7AD71C6D276045F0003469BF /* NBATransactionAppUITests */ = {
			isa = PBXNativeTarget;
			buildConfigurationList = 7AD71C7E276045F0003469BF /* Build configuration list for PBXNativeTarget "NBATransactionAppUITests" */;
			buildPhases = (
				7AD71C6A276045F0003469BF /* Sources */,
				7AD71C6B276045F0003469BF /* Frameworks */,
				7AD71C6C276045F0003469BF /* Resources */,
			);
			buildRules = (
			);
			dependencies = (
				7AD71C70276045F0003469BF /* PBXTargetDependency */,
			);
			name = NBATransactionAppUITests;
			productName = NBATransactionAppUITests;
			productReference = 7AD71C6E276045F0003469BF /* NBATransactionAppUITests.xctest */;
			productType = "com.apple.product-type.bundle.ui-testing";
		};
/* End PBXNativeTarget section */

/* Begin PBXProject section */
		7AD71C46276045EF003469BF /* Project object */ = {
			isa = PBXProject;
			attributes = {
				BuildIndependentTargetsInParallel = 1;
				LastSwiftUpdateCheck = 1300;
				LastUpgradeCheck = 1300;
				TargetAttributes = {
					7AD71C4D276045EF003469BF = {
						CreatedOnToolsVersion = 13.0;
					};
					7AD71C63276045F0003469BF = {
						CreatedOnToolsVersion = 13.0;
						TestTargetID = 7AD71C4D276045EF003469BF;
					};
					7AD71C6D276045F0003469BF = {
						CreatedOnToolsVersion = 13.0;
						TestTargetID = 7AD71C4D276045EF003469BF;
					};
				};
			};
			buildConfigurationList = 7AD71C49276045EF003469BF /* Build configuration list for PBXProject "NBATransactionApp" */;
			compatibilityVersion = "Xcode 13.0";
			developmentRegion = en;
			hasScannedForEncodings = 0;
			knownRegions = (
				en,
				Base,
			);
			mainGroup = 7AD71C45276045EF003469BF;
			packageReferences = (
				7A88FE4427619925006C6108 /* XCRemoteSwiftPackageReference "SQLite" */,
			);
			productRefGroup = 7AD71C4F276045EF003469BF /* Products */;
			projectDirPath = "";
			projectRoot = "";
			targets = (
				7AD71C4D276045EF003469BF /* NBATransactionApp */,
				7AD71C63276045F0003469BF /* NBATransactionAppTests */,
				7AD71C6D276045F0003469BF /* NBATransactionAppUITests */,
			);
		};
/* End PBXProject section */

/* Begin PBXResourcesBuildPhase section */
		7AD71C4C276045EF003469BF /* Resources */ = {
			isa = PBXResourcesBuildPhase;
			buildActionMask = 2147483647;
			files = (
				7AD71C5E276045F0003469BF /* LaunchScreen.storyboard in Resources */,
				7AD71C5B276045F0003469BF /* Assets.xcassets in Resources */,
				7AD71C59276045EF003469BF /* Main.storyboard in Resources */,
			);
			runOnlyForDeploymentPostprocessing = 0;
		};
		7AD71C62276045F0003469BF /* Resources */ = {
			isa = PBXResourcesBuildPhase;
			buildActionMask = 2147483647;
			files = (
			);
			runOnlyForDeploymentPostprocessing = 0;
		};
		7AD71C6C276045F0003469BF /* Resources */ = {
			isa = PBXResourcesBuildPhase;
			buildActionMask = 2147483647;
			files = (
			);
			runOnlyForDeploymentPostprocessing = 0;
		};
/* End PBXResourcesBuildPhase section */

/* Begin PBXSourcesBuildPhase section */
		7AD71C4A276045EF003469BF /* Sources */ = {
			isa = PBXSourcesBuildPhase;
			buildActionMask = 2147483647;
			files = (
				7AD71C56276045EF003469BF /* ViewController.swift in Sources */,
				7AD71C52276045EF003469BF /* AppDelegate.swift in Sources */,
				7AB0EA4F27640B650052C84D /* HomeScreen.swift in Sources */,
				7A88FE4327619247006C6108 /* Transactions.swift in Sources */,
				7A88FE4827619955006C6108 /* DataStore.swift in Sources */,
				7A5EE1972762F8B5006F63A8 /* InsertData.swift in Sources */,
				7AD71C54276045EF003469BF /* SceneDelegate.swift in Sources */,
			);
			runOnlyForDeploymentPostprocessing = 0;
		};
		7AD71C60276045F0003469BF /* Sources */ = {
			isa = PBXSourcesBuildPhase;
			buildActionMask = 2147483647;
			files = (
				7AD71C69276045F0003469BF /* NBATransactionAppTests.swift in Sources */,
			);
			runOnlyForDeploymentPostprocessing = 0;
		};
		7AD71C6A276045F0003469BF /* Sources */ = {
			isa = PBXSourcesBuildPhase;
			buildActionMask = 2147483647;
			files = (
				7AD71C73276045F0003469BF /* NBATransactionAppUITests.swift in Sources */,
				7AD71C75276045F0003469BF /* NBATransactionAppUITestsLaunchTests.swift in Sources */,
			);
			runOnlyForDeploymentPostprocessing = 0;
		};
/* End PBXSourcesBuildPhase section */

/* Begin PBXTargetDependency section */
		7AD71C66276045F0003469BF /* PBXTargetDependency */ = {
			isa = PBXTargetDependency;
			target = 7AD71C4D276045EF003469BF /* NBATransactionApp */;
			targetProxy = 7AD71C65276045F0003469BF /* PBXContainerItemProxy */;
		};
		7AD71C70276045F0003469BF /* PBXTargetDependency */ = {
			isa = PBXTargetDependency;
			target = 7AD71C4D276045EF003469BF /* NBATransactionApp */;
			targetProxy = 7AD71C6F276045F0003469BF /* PBXContainerItemProxy */;
		};
/* End PBXTargetDependency section */

/* Begin PBXVariantGroup section */
		7AD71C57276045EF003469BF /* Main.storyboard */ = {
			isa = PBXVariantGroup;
			children = (
				7AD71C58276045EF003469BF /* Base */,
			);
			name = Main.storyboard;
			sourceTree = "<group>";
		};
		7AD71C5C276045F0003469BF /* LaunchScreen.storyboard */ = {
			isa = PBXVariantGroup;
			children = (
				7AD71C5D276045F0003469BF /* Base */,
			);
			name = LaunchScreen.storyboard;
			sourceTree = "<group>";
		};
/* End PBXVariantGroup section */

/* Begin XCBuildConfiguration section */
		7AD71C76276045F0003469BF /* Debug */ = {
			isa = XCBuildConfiguration;
			buildSettings = {
				ALWAYS_SEARCH_USER_PATHS = NO;
				CLANG_ANALYZER_NONNULL = YES;
				CLANG_ANALYZER_NUMBER_OBJECT_CONVERSION = YES_AGGRESSIVE;
				CLANG_CXX_LANGUAGE_STANDARD = "gnu++17";
				CLANG_CXX_LIBRARY = "libc++";
				CLANG_ENABLE_MODULES = YES;
				CLANG_ENABLE_OBJC_ARC = YES;
				CLANG_ENABLE_OBJC_WEAK = YES;
				CLANG_WARN_BLOCK_CAPTURE_AUTORELEASING = YES;
				CLANG_WARN_BOOL_CONVERSION = YES;
				CLANG_WARN_COMMA = YES;
				CLANG_WARN_CONSTANT_CONVERSION = YES;
				CLANG_WARN_DEPRECATED_OBJC_IMPLEMENTATIONS = YES;
				CLANG_WARN_DIRECT_OBJC_ISA_USAGE = YES_ERROR;
				CLANG_WARN_DOCUMENTATION_COMMENTS = YES;
				CLANG_WARN_EMPTY_BODY = YES;
				CLANG_WARN_ENUM_CONVERSION = YES;
				CLANG_WARN_INFINITE_RECURSION = YES;
				CLANG_WARN_INT_CONVERSION = YES;
				CLANG_WARN_NON_LITERAL_NULL_CONVERSION = YES;
				CLANG_WARN_OBJC_IMPLICIT_RETAIN_SELF = YES;
				CLANG_WARN_OBJC_LITERAL_CONVERSION = YES;
				CLANG_WARN_OBJC_ROOT_CLASS = YES_ERROR;
				CLANG_WARN_QUOTED_INCLUDE_IN_FRAMEWORK_HEADER = YES;
				CLANG_WARN_RANGE_LOOP_ANALYSIS = YES;
				CLANG_WARN_STRICT_PROTOTYPES = YES;
				CLANG_WARN_SUSPICIOUS_MOVE = YES;
				CLANG_WARN_UNGUARDED_AVAILABILITY = YES_AGGRESSIVE;
				CLANG_WARN_UNREACHABLE_CODE = YES;
				CLANG_WARN__DUPLICATE_METHOD_MATCH = YES;
				COPY_PHASE_STRIP = NO;
				DEBUG_INFORMATION_FORMAT = dwarf;
				ENABLE_STRICT_OBJC_MSGSEND = YES;
				ENABLE_TESTABILITY = YES;
				GCC_C_LANGUAGE_STANDARD = gnu11;
				GCC_DYNAMIC_NO_PIC = NO;
				GCC_NO_COMMON_BLOCKS = YES;
				GCC_OPTIMIZATION_LEVEL = 0;
				GCC_PREPROCESSOR_DEFINITIONS = (
					"DEBUG=1",
					"$(inherited)",
				);
				GCC_WARN_64_TO_32_BIT_CONVERSION = YES;
				GCC_WARN_ABOUT_RETURN_TYPE = YES_ERROR;
				GCC_WARN_UNDECLARED_SELECTOR = YES;
				GCC_WARN_UNINITIALIZED_AUTOS = YES_AGGRESSIVE;
				GCC_WARN_UNUSED_FUNCTION = YES;
				GCC_WARN_UNUSED_VARIABLE = YES;
				IPHONEOS_DEPLOYMENT_TARGET = 15.0;
				MTL_ENABLE_DEBUG_INFO = INCLUDE_SOURCE;
				MTL_FAST_MATH = YES;
				ONLY_ACTIVE_ARCH = YES;
				SDKROOT = iphoneos;
				SWIFT_ACTIVE_COMPILATION_CONDITIONS = DEBUG;
				SWIFT_OPTIMIZATION_LEVEL = "-Onone";
			};
			name = Debug;
		};
		7AD71C77276045F0003469BF /* Release */ = {
			isa = XCBuildConfiguration;
			buildSettings = {
				ALWAYS_SEARCH_USER_PATHS = NO;
				CLANG_ANALYZER_NONNULL = YES;
				CLANG_ANALYZER_NUMBER_OBJECT_CONVERSION = YES_AGGRESSIVE;
				CLANG_CXX_LANGUAGE_STANDARD = "gnu++17";
				CLANG_CXX_LIBRARY = "libc++";
				CLANG_ENABLE_MODULES = YES;
				CLANG_ENABLE_OBJC_ARC = YES;
				CLANG_ENABLE_OBJC_WEAK = YES;
				CLANG_WARN_BLOCK_CAPTURE_AUTORELEASING = YES;
				CLANG_WARN_BOOL_CONVERSION = YES;
				CLANG_WARN_COMMA = YES;
				CLANG_WARN_CONSTANT_CONVERSION = YES;
				CLANG_WARN_DEPRECATED_OBJC_IMPLEMENTATIONS = YES;
				CLANG_WARN_DIRECT_OBJC_ISA_USAGE = YES_ERROR;
				CLANG_WARN_DOCUMENTATION_COMMENTS = YES;
				CLANG_WARN_EMPTY_BODY = YES;
				CLANG_WARN_ENUM_CONVERSION = YES;
				CLANG_WARN_INFINITE_RECURSION = YES;
				CLANG_WARN_INT_CONVERSION = YES;
				CLANG_WARN_NON_LITERAL_NULL_CONVERSION = YES;
				CLANG_WARN_OBJC_IMPLICIT_RETAIN_SELF = YES;
				CLANG_WARN_OBJC_LITERAL_CONVERSION = YES;
				CLANG_WARN_OBJC_ROOT_CLASS = YES_ERROR;
				CLANG_WARN_QUOTED_INCLUDE_IN_FRAMEWORK_HEADER = YES;
				CLANG_WARN_RANGE_LOOP_ANALYSIS = YES;
				CLANG_WARN_STRICT_PROTOTYPES = YES;
				CLANG_WARN_SUSPICIOUS_MOVE = YES;
				CLANG_WARN_UNGUARDED_AVAILABILITY = YES_AGGRESSIVE;
				CLANG_WARN_UNREACHABLE_CODE = YES;
				CLANG_WARN__DUPLICATE_METHOD_MATCH = YES;
				COPY_PHASE_STRIP = NO;
				DEBUG_INFORMATION_FORMAT = "dwarf-with-dsym";
				ENABLE_NS_ASSERTIONS = NO;
				ENABLE_STRICT_OBJC_MSGSEND = YES;
				GCC_C_LANGUAGE_STANDARD = gnu11;
				GCC_NO_COMMON_BLOCKS = YES;
				GCC_WARN_64_TO_32_BIT_CONVERSION = YES;
				GCC_WARN_ABOUT_RETURN_TYPE = YES_ERROR;
				GCC_WARN_UNDECLARED_SELECTOR = YES;
				GCC_WARN_UNINITIALIZED_AUTOS = YES_AGGRESSIVE;
				GCC_WARN_UNUSED_FUNCTION = YES;
				GCC_WARN_UNUSED_VARIABLE = YES;
				IPHONEOS_DEPLOYMENT_TARGET = 15.0;
				MTL_ENABLE_DEBUG_INFO = NO;
				MTL_FAST_MATH = YES;
				SDKROOT = iphoneos;
				SWIFT_COMPILATION_MODE = wholemodule;
				SWIFT_OPTIMIZATION_LEVEL = "-O";
				VALIDATE_PRODUCT = YES;
			};
			name = Release;
		};
		7AD71C79276045F0003469BF /* Debug */ = {
			isa = XCBuildConfiguration;
			buildSettings = {
				ASSETCATALOG_COMPILER_APPICON_NAME = AppIcon;
				ASSETCATALOG_COMPILER_GLOBAL_ACCENT_COLOR_NAME = AccentColor;
				CODE_SIGN_STYLE = Automatic;
				CURRENT_PROJECT_VERSION = 1;
				DEVELOPMENT_TEAM = 86383RAB9J;
				GENERATE_INFOPLIST_FILE = YES;
				INFOPLIST_FILE = NBATransactionApp/Info.plist;
				INFOPLIST_KEY_UIApplicationSupportsIndirectInputEvents = YES;
				INFOPLIST_KEY_UILaunchStoryboardName = LaunchScreen;
				INFOPLIST_KEY_UIMainStoryboardFile = Main;
				INFOPLIST_KEY_UISupportedInterfaceOrientations_iPad = "UIInterfaceOrientationPortrait UIInterfaceOrientationPortraitUpsideDown UIInterfaceOrientationLandscapeLeft UIInterfaceOrientationLandscapeRight";
				INFOPLIST_KEY_UISupportedInterfaceOrientations_iPhone = "UIInterfaceOrientationPortrait UIInterfaceOrientationLandscapeLeft UIInterfaceOrientationLandscapeRight";
				LD_RUNPATH_SEARCH_PATHS = (
					"$(inherited)",
					"@executable_path/Frameworks",
				);
				MARKETING_VERSION = 1.0;
				PRODUCT_BUNDLE_IDENTIFIER = Ort.NBATransactionApp;
				PRODUCT_NAME = "$(TARGET_NAME)";
				SWIFT_EMIT_LOC_STRINGS = YES;
				SWIFT_VERSION = 5.0;
				TARGETED_DEVICE_FAMILY = "1,2";
			};
			name = Debug;
		};
		7AD71C7A276045F0003469BF /* Release */ = {
			isa = XCBuildConfiguration;
			buildSettings = {
				ASSETCATALOG_COMPILER_APPICON_NAME = AppIcon;
				ASSETCATALOG_COMPILER_GLOBAL_ACCENT_COLOR_NAME = AccentColor;
				CODE_SIGN_STYLE = Automatic;
				CURRENT_PROJECT_VERSION = 1;
				DEVELOPMENT_TEAM = 86383RAB9J;
				GENERATE_INFOPLIST_FILE = YES;
				INFOPLIST_FILE = NBATransactionApp/Info.plist;
				INFOPLIST_KEY_UIApplicationSupportsIndirectInputEvents = YES;
				INFOPLIST_KEY_UILaunchStoryboardName = LaunchScreen;
				INFOPLIST_KEY_UIMainStoryboardFile = Main;
				INFOPLIST_KEY_UISupportedInterfaceOrientations_iPad = "UIInterfaceOrientationPortrait UIInterfaceOrientationPortraitUpsideDown UIInterfaceOrientationLandscapeLeft UIInterfaceOrientationLandscapeRight";
				INFOPLIST_KEY_UISupportedInterfaceOrientations_iPhone = "UIInterfaceOrientationPortrait UIInterfaceOrientationLandscapeLeft UIInterfaceOrientationLandscapeRight";
				LD_RUNPATH_SEARCH_PATHS = (
					"$(inherited)",
					"@executable_path/Frameworks",
				);
				MARKETING_VERSION = 1.0;
				PRODUCT_BUNDLE_IDENTIFIER = Ort.NBATransactionApp;
				PRODUCT_NAME = "$(TARGET_NAME)";
				SWIFT_EMIT_LOC_STRINGS = YES;
				SWIFT_VERSION = 5.0;
				TARGETED_DEVICE_FAMILY = "1,2";
			};
			name = Release;
		};
		7AD71C7C276045F0003469BF /* Debug */ = {
			isa = XCBuildConfiguration;
			buildSettings = {
				ALWAYS_EMBED_SWIFT_STANDARD_LIBRARIES = YES;
				BUNDLE_LOADER = "$(TEST_HOST)";
				CODE_SIGN_STYLE = Automatic;
				CURRENT_PROJECT_VERSION = 1;
				GENERATE_INFOPLIST_FILE = YES;
				IPHONEOS_DEPLOYMENT_TARGET = 15.0;
				LD_RUNPATH_SEARCH_PATHS = (
					"$(inherited)",
					"@executable_path/Frameworks",
					"@loader_path/Frameworks",
				);
				MARKETING_VERSION = 1.0;
				PRODUCT_BUNDLE_IDENTIFIER = Ort.NBATransactionAppTests;
				PRODUCT_NAME = "$(TARGET_NAME)";
				SWIFT_EMIT_LOC_STRINGS = NO;
				SWIFT_VERSION = 5.0;
				TARGETED_DEVICE_FAMILY = "1,2";
				TEST_HOST = "$(BUILT_PRODUCTS_DIR)/NBATransactionApp.app/NBATransactionApp";
			};
			name = Debug;
		};
		7AD71C7D276045F0003469BF /* Release */ = {
			isa = XCBuildConfiguration;
			buildSettings = {
				ALWAYS_EMBED_SWIFT_STANDARD_LIBRARIES = YES;
				BUNDLE_LOADER = "$(TEST_HOST)";
				CODE_SIGN_STYLE = Automatic;
				CURRENT_PROJECT_VERSION = 1;
				GENERATE_INFOPLIST_FILE = YES;
				IPHONEOS_DEPLOYMENT_TARGET = 15.0;
				LD_RUNPATH_SEARCH_PATHS = (
					"$(inherited)",
					"@executable_path/Frameworks",
					"@loader_path/Frameworks",
				);
				MARKETING_VERSION = 1.0;
				PRODUCT_BUNDLE_IDENTIFIER = Ort.NBATransactionAppTests;
				PRODUCT_NAME = "$(TARGET_NAME)";
				SWIFT_EMIT_LOC_STRINGS = NO;
				SWIFT_VERSION = 5.0;
				TARGETED_DEVICE_FAMILY = "1,2";
				TEST_HOST = "$(BUILT_PRODUCTS_DIR)/NBATransactionApp.app/NBATransactionApp";
			};
			name = Release;
		};
		7AD71C7F276045F0003469BF /* Debug */ = {
			isa = XCBuildConfiguration;
			buildSettings = {
				ALWAYS_EMBED_SWIFT_STANDARD_LIBRARIES = YES;
				CODE_SIGN_STYLE = Automatic;
				CURRENT_PROJECT_VERSION = 1;
				GENERATE_INFOPLIST_FILE = YES;
				LD_RUNPATH_SEARCH_PATHS = (
					"$(inherited)",
					"@executable_path/Frameworks",
					"@loader_path/Frameworks",
				);
				MARKETING_VERSION = 1.0;
				PRODUCT_BUNDLE_IDENTIFIER = Ort.NBATransactionAppUITests;
				PRODUCT_NAME = "$(TARGET_NAME)";
				SWIFT_EMIT_LOC_STRINGS = NO;
				SWIFT_VERSION = 5.0;
				TARGETED_DEVICE_FAMILY = "1,2";
				TEST_TARGET_NAME = NBATransactionApp;
			};
			name = Debug;
		};
		7AD71C80276045F0003469BF /* Release */ = {
			isa = XCBuildConfiguration;
			buildSettings = {
				ALWAYS_EMBED_SWIFT_STANDARD_LIBRARIES = YES;
				CODE_SIGN_STYLE = Automatic;
				CURRENT_PROJECT_VERSION = 1;
				GENERATE_INFOPLIST_FILE = YES;
				LD_RUNPATH_SEARCH_PATHS = (
					"$(inherited)",
					"@executable_path/Frameworks",
					"@loader_path/Frameworks",
				);
				MARKETING_VERSION = 1.0;
				PRODUCT_BUNDLE_IDENTIFIER = Ort.NBATransactionAppUITests;
				PRODUCT_NAME = "$(TARGET_NAME)";
				SWIFT_EMIT_LOC_STRINGS = NO;
				SWIFT_VERSION = 5.0;
				TARGETED_DEVICE_FAMILY = "1,2";
				TEST_TARGET_NAME = NBATransactionApp;
			};
			name = Release;
		};
/* End XCBuildConfiguration section */

/* Begin XCConfigurationList section */
		7AD71C49276045EF003469BF /* Build configuration list for PBXProject "NBATransactionApp" */ = {
			isa = XCConfigurationList;
			buildConfigurations = (
				7AD71C76276045F0003469BF /* Debug */,
				7AD71C77276045F0003469BF /* Release */,
			);
			defaultConfigurationIsVisible = 0;
			defaultConfigurationName = Release;
		};
		7AD71C78276045F0003469BF /* Build configuration list for PBXNativeTarget "NBATransactionApp" */ = {
			isa = XCConfigurationList;
			buildConfigurations = (
				7AD71C79276045F0003469BF /* Debug */,
				7AD71C7A276045F0003469BF /* Release */,
			);
			defaultConfigurationIsVisible = 0;
			defaultConfigurationName = Release;
		};
		7AD71C7B276045F0003469BF /* Build configuration list for PBXNativeTarget "NBATransactionAppTests" */ = {
			isa = XCConfigurationList;
			buildConfigurations = (
				7AD71C7C276045F0003469BF /* Debug */,
				7AD71C7D276045F0003469BF /* Release */,
			);
			defaultConfigurationIsVisible = 0;
			defaultConfigurationName = Release;
		};
		7AD71C7E276045F0003469BF /* Build configuration list for PBXNativeTarget "NBATransactionAppUITests" */ = {
			isa = XCConfigurationList;
			buildConfigurations = (
				7AD71C7F276045F0003469BF /* Debug */,
				7AD71C80276045F0003469BF /* Release */,
			);
			defaultConfigurationIsVisible = 0;
			defaultConfigurationName = Release;
		};
/* End XCConfigurationList section */

/* Begin XCRemoteSwiftPackageReference section */
		7A88FE4427619925006C6108 /* XCRemoteSwiftPackageReference "SQLite" */ = {
			isa = XCRemoteSwiftPackageReference;
			repositoryURL = "https://github.com/stephencelis/SQLite.swift";
			requirement = {
				kind = upToNextMajorVersion;
				minimumVersion = 0.9.2;
			};
		};
/* End XCRemoteSwiftPackageReference section */

/* Begin XCSwiftPackageProductDependency section */
		7A88FE4527619925006C6108 /* SQLite */ = {
			isa = XCSwiftPackageProductDependency;
			package = 7A88FE4427619925006C6108 /* XCRemoteSwiftPackageReference "SQLite" */;
			productName = SQLite;
		};
/* End XCSwiftPackageProductDependency section */
	};
	rootObject = 7AD71C46276045EF003469BF /* Project object */;
}
